// !$*UTF8*$!
{
	archiveVersion = 1;
	classes = {
	};
	objectVersion = 46;
	objects = {

/* Begin PBXBuildFile section */
		013BED803F37C84DBA2E2DA2 /* Pods_ViperMCFSwift.framework in Frameworks */ = {isa = PBXBuildFile; fileRef = 91448E45BE99210F120D154F /* Pods_ViperMCFSwift.framework */; };
		02AC0DB2B58E5D385CE5E92D /* FisrtModuleViewOutput.swift in Sources */ = {isa = PBXBuildFile; fileRef = 7BF95806452565FD8A7FAD0B /* FisrtModuleViewOutput.swift */; };
		161EFEFE5AF92F80BF2C9067 /* SecondModuleInteractor.swift in Sources */ = {isa = PBXBuildFile; fileRef = 7A81BC986C53D3D0FCD7EA63 /* SecondModuleInteractor.swift */; };
		1D755DAC450803302933F11A /* SecondModuleViewInput.swift in Sources */ = {isa = PBXBuildFile; fileRef = 6D68FDC662A34434E98B49B3 /* SecondModuleViewInput.swift */; };
		38DAF27220F0C6D713FB5F97 /* ThirdModuleModuleInput.swift in Sources */ = {isa = PBXBuildFile; fileRef = 3B4821B2C4AEFB14676875FC /* ThirdModuleModuleInput.swift */; };
		481EB67CB5B0ECBEE5D9E5E8 /* SecondModuleViewOutput.swift in Sources */ = {isa = PBXBuildFile; fileRef = D58A887D4BA95BC6409DF680 /* SecondModuleViewOutput.swift */; };
		484C08A486BB051454A6E587 /* FisrtModuleAssemblyContainer.swift in Sources */ = {isa = PBXBuildFile; fileRef = B5F4D7A1FF9BDFD3F1EF0F67 /* FisrtModuleAssemblyContainer.swift */; };
		4BFA267440B04656815411F7 /* FisrtModuleModuleInput.swift in Sources */ = {isa = PBXBuildFile; fileRef = D39CE58C587494694C94C9BA /* FisrtModuleModuleInput.swift */; };
		6A3C44042D585887D46EA72E /* SecondModuleModuleInput.swift in Sources */ = {isa = PBXBuildFile; fileRef = 01E214C05D787639A7B2ECF8 /* SecondModuleModuleInput.swift */; };
		6FA3647CF0EEF208AAA5CB60 /* SecondModuleInteractorInput.swift in Sources */ = {isa = PBXBuildFile; fileRef = CE6FC9269040919A2C1465DE /* SecondModuleInteractorInput.swift */; };
		7359122C57CCD21E4F395731 /* ThirdModuleRouterInput.swift in Sources */ = {isa = PBXBuildFile; fileRef = EDEA947116ACFE4E4A35A30E /* ThirdModuleRouterInput.swift */; };
		7974A016C7AF527E5EA3E5F3 /* ThirdModuleInteractorOutput.swift in Sources */ = {isa = PBXBuildFile; fileRef = 79168F6179CEB6947467C686 /* ThirdModuleInteractorOutput.swift */; };
		7D76CAF67E203D086FBE7465 /* FisrtModuleRouterInput.swift in Sources */ = {isa = PBXBuildFile; fileRef = E6721517DE83E19CBCA64808 /* FisrtModuleRouterInput.swift */; };
		8186544F273EE4E9F745A298 /* ThirdModuleInteractorInput.swift in Sources */ = {isa = PBXBuildFile; fileRef = 884754E2DA2FC3608B5D86BA /* ThirdModuleInteractorInput.swift */; };
		861E335A1D3524DC00AD82C8 /* AppDelegate.swift in Sources */ = {isa = PBXBuildFile; fileRef = 861E33591D3524DC00AD82C8 /* AppDelegate.swift */; };
		861E335F1D3524DC00AD82C8 /* Main.storyboard in Resources */ = {isa = PBXBuildFile; fileRef = 861E335D1D3524DC00AD82C8 /* Main.storyboard */; };
		861E33611D3524DC00AD82C8 /* Assets.xcassets in Resources */ = {isa = PBXBuildFile; fileRef = 861E33601D3524DC00AD82C8 /* Assets.xcassets */; };
		861E33641D3524DC00AD82C8 /* LaunchScreen.storyboard in Resources */ = {isa = PBXBuildFile; fileRef = 861E33621D3524DC00AD82C8 /* LaunchScreen.storyboard */; };
		86C9DF801DD52CED00C7A4C8 /* ApplicationAssembly.swift in Sources */ = {isa = PBXBuildFile; fileRef = 86C9DF7F1DD52CED00C7A4C8 /* ApplicationAssembly.swift */; };
		8B750F0699F2A953F4EACF46 /* FisrtModuleInteractorInput.swift in Sources */ = {isa = PBXBuildFile; fileRef = 2ECB08E590238149C7BBF41D /* FisrtModuleInteractorInput.swift */; };
		921F2E89C10C8AA52B45009F /* SecondModuleInteractorOutput.swift in Sources */ = {isa = PBXBuildFile; fileRef = 48151DFF3EBE24545A215032 /* SecondModuleInteractorOutput.swift */; };
		92759F1B267BDCA8A0050681 /* FisrtModuleInteractor.swift in Sources */ = {isa = PBXBuildFile; fileRef = 96D0810C418A97DA29D02698 /* FisrtModuleInteractor.swift */; };
		AE8F964B127E42E704B3593C /* ThirdModuleInteractor.swift in Sources */ = {isa = PBXBuildFile; fileRef = 121CCD0D6BB9259C93258FF5 /* ThirdModuleInteractor.swift */; };
		AFE341EB05958730B091BBE8 /* FisrtModulePresenter.swift in Sources */ = {isa = PBXBuildFile; fileRef = 5EA12BD6CA462E0857F78825 /* FisrtModulePresenter.swift */; };
		B55535655555CC076578A822 /* ThirdModulePresenter.swift in Sources */ = {isa = PBXBuildFile; fileRef = A4C7599763FD4EDDBF4C4EE9 /* ThirdModulePresenter.swift */; };
		B6E23A543623C32030D9F4DB /* FisrtModuleViewController.swift in Sources */ = {isa = PBXBuildFile; fileRef = 8D0E3BFF9D89C1FBD8FCCF31 /* FisrtModuleViewController.swift */; };
		B8F9CEEC938AE9C954FB7251 /* ThirdModuleAssemblyContainer.swift in Sources */ = {isa = PBXBuildFile; fileRef = 4211CED17DA41D4467BA50D4 /* ThirdModuleAssemblyContainer.swift */; };
		C0A49DCB33CCF662A0ADA6EE /* ThirdModuleViewInput.swift in Sources */ = {isa = PBXBuildFile; fileRef = 70075D78C9E710A3458884BC /* ThirdModuleViewInput.swift */; };
		CE9746BE3F53E50752D4763F /* FisrtModuleInteractorOutput.swift in Sources */ = {isa = PBXBuildFile; fileRef = 4FF9680D7D8AA933F06065B0 /* FisrtModuleInteractorOutput.swift */; };
		D4432D9577518BD94942FA3E /* SecondModuleAssemblyContainer.swift in Sources */ = {isa = PBXBuildFile; fileRef = D260323C81B0A0F3ED4C9F36 /* SecondModuleAssemblyContainer.swift */; };
		D53925F2B67458A3B957F8C2 /* FisrtModuleRouter.swift in Sources */ = {isa = PBXBuildFile; fileRef = 6DF7CF5051565335EE408993 /* FisrtModuleRouter.swift */; };
		DCE5E0CD6CCA0CD9A4A52F80 /* SecondModuleRouter.swift in Sources */ = {isa = PBXBuildFile; fileRef = A644D1704027BD9DD9D11401 /* SecondModuleRouter.swift */; };
		DD090197469380B7A8E7AE27 /* ThirdModuleViewOutput.swift in Sources */ = {isa = PBXBuildFile; fileRef = 82155F612B21B9187562ED52 /* ThirdModuleViewOutput.swift */; };
		DED05954D6D2F700153D866C /* ThirdModuleViewController.swift in Sources */ = {isa = PBXBuildFile; fileRef = 9101F9F79DCCABF5C24CA7E0 /* ThirdModuleViewController.swift */; };
		E27B8368836C242703E7CA88 /* SecondModuleRouterInput.swift in Sources */ = {isa = PBXBuildFile; fileRef = 9E26C91EBF5B83EDEC2D126B /* SecondModuleRouterInput.swift */; };
		E7E3E12DB06582F31676B6FD /* ThirdModuleRouter.swift in Sources */ = {isa = PBXBuildFile; fileRef = AE4C69E3507F82DD72E3A301 /* ThirdModuleRouter.swift */; };
		EA51B59D9DB7A7DB240CF08A /* SecondModuleViewController.swift in Sources */ = {isa = PBXBuildFile; fileRef = 1945F4942F460C42F04393E1 /* SecondModuleViewController.swift */; };
		F0A9D4C68383886469AA0BA1 /* SecondModulePresenter.swift in Sources */ = {isa = PBXBuildFile; fileRef = 1626DDEFD2BBDA8A62A8F64B /* SecondModulePresenter.swift */; };
		F0E24D450F86A67E0167232D /* FisrtModuleViewInput.swift in Sources */ = {isa = PBXBuildFile; fileRef = 31602E47F5B86BB7498AE2CD /* FisrtModuleViewInput.swift */; };
/* End PBXBuildFile section */

/* Begin PBXFileReference section */
		01E214C05D787639A7B2ECF8 /* SecondModuleModuleInput.swift */ = {isa = PBXFileReference; includeInIndex = 1; lastKnownFileType = sourcecode.swift; path = SecondModuleModuleInput.swift; sourceTree = "<group>"; };
		121CCD0D6BB9259C93258FF5 /* ThirdModuleInteractor.swift */ = {isa = PBXFileReference; includeInIndex = 1; lastKnownFileType = sourcecode.swift; path = ThirdModuleInteractor.swift; sourceTree = "<group>"; };
		1626DDEFD2BBDA8A62A8F64B /* SecondModulePresenter.swift */ = {isa = PBXFileReference; includeInIndex = 1; lastKnownFileType = sourcecode.swift; path = SecondModulePresenter.swift; sourceTree = "<group>"; };
		1945F4942F460C42F04393E1 /* SecondModuleViewController.swift */ = {isa = PBXFileReference; includeInIndex = 1; lastKnownFileType = sourcecode.swift; path = SecondModuleViewController.swift; sourceTree = "<group>"; };
		2ECB08E590238149C7BBF41D /* FisrtModuleInteractorInput.swift */ = {isa = PBXFileReference; includeInIndex = 1; lastKnownFileType = sourcecode.swift; path = FisrtModuleInteractorInput.swift; sourceTree = "<group>"; };
		31602E47F5B86BB7498AE2CD /* FisrtModuleViewInput.swift */ = {isa = PBXFileReference; includeInIndex = 1; lastKnownFileType = sourcecode.swift; path = FisrtModuleViewInput.swift; sourceTree = "<group>"; };
		3B4821B2C4AEFB14676875FC /* ThirdModuleModuleInput.swift */ = {isa = PBXFileReference; includeInIndex = 1; lastKnownFileType = sourcecode.swift; path = ThirdModuleModuleInput.swift; sourceTree = "<group>"; };
		4211CED17DA41D4467BA50D4 /* ThirdModuleAssemblyContainer.swift */ = {isa = PBXFileReference; includeInIndex = 1; lastKnownFileType = sourcecode.swift; path = ThirdModuleAssemblyContainer.swift; sourceTree = "<group>"; };
		48151DFF3EBE24545A215032 /* SecondModuleInteractorOutput.swift */ = {isa = PBXFileReference; includeInIndex = 1; lastKnownFileType = sourcecode.swift; path = SecondModuleInteractorOutput.swift; sourceTree = "<group>"; };
		4FF9680D7D8AA933F06065B0 /* FisrtModuleInteractorOutput.swift */ = {isa = PBXFileReference; includeInIndex = 1; lastKnownFileType = sourcecode.swift; path = FisrtModuleInteractorOutput.swift; sourceTree = "<group>"; };
		5CF411F76BD6F592D9C1022E /* Pods-ViperMCFSwift.debug.xcconfig */ = {isa = PBXFileReference; includeInIndex = 1; lastKnownFileType = text.xcconfig; name = "Pods-ViperMCFSwift.debug.xcconfig"; path = "Pods/Target Support Files/Pods-ViperMCFSwift/Pods-ViperMCFSwift.debug.xcconfig"; sourceTree = "<group>"; };
		5EA12BD6CA462E0857F78825 /* FisrtModulePresenter.swift */ = {isa = PBXFileReference; includeInIndex = 1; lastKnownFileType = sourcecode.swift; path = FisrtModulePresenter.swift; sourceTree = "<group>"; };
		6D68FDC662A34434E98B49B3 /* SecondModuleViewInput.swift */ = {isa = PBXFileReference; includeInIndex = 1; lastKnownFileType = sourcecode.swift; path = SecondModuleViewInput.swift; sourceTree = "<group>"; };
		6DF7CF5051565335EE408993 /* FisrtModuleRouter.swift */ = {isa = PBXFileReference; includeInIndex = 1; lastKnownFileType = sourcecode.swift; path = FisrtModuleRouter.swift; sourceTree = "<group>"; };
		70075D78C9E710A3458884BC /* ThirdModuleViewInput.swift */ = {isa = PBXFileReference; includeInIndex = 1; lastKnownFileType = sourcecode.swift; path = ThirdModuleViewInput.swift; sourceTree = "<group>"; };
		79168F6179CEB6947467C686 /* ThirdModuleInteractorOutput.swift */ = {isa = PBXFileReference; includeInIndex = 1; lastKnownFileType = sourcecode.swift; path = ThirdModuleInteractorOutput.swift; sourceTree = "<group>"; };
		7A81BC986C53D3D0FCD7EA63 /* SecondModuleInteractor.swift */ = {isa = PBXFileReference; includeInIndex = 1; lastKnownFileType = sourcecode.swift; path = SecondModuleInteractor.swift; sourceTree = "<group>"; };
		7BF95806452565FD8A7FAD0B /* FisrtModuleViewOutput.swift */ = {isa = PBXFileReference; includeInIndex = 1; lastKnownFileType = sourcecode.swift; path = FisrtModuleViewOutput.swift; sourceTree = "<group>"; };
		7C4CCCF909DC78D1CE456EEE /* Pods-ViperMCFSwift.release.xcconfig */ = {isa = PBXFileReference; includeInIndex = 1; lastKnownFileType = text.xcconfig; name = "Pods-ViperMCFSwift.release.xcconfig"; path = "Pods/Target Support Files/Pods-ViperMCFSwift/Pods-ViperMCFSwift.release.xcconfig"; sourceTree = "<group>"; };
		82155F612B21B9187562ED52 /* ThirdModuleViewOutput.swift */ = {isa = PBXFileReference; includeInIndex = 1; lastKnownFileType = sourcecode.swift; path = ThirdModuleViewOutput.swift; sourceTree = "<group>"; };
		861E33561D3524DC00AD82C8 /* ViperMCFSwift.app */ = {isa = PBXFileReference; explicitFileType = wrapper.application; includeInIndex = 0; path = ViperMCFSwift.app; sourceTree = BUILT_PRODUCTS_DIR; };
		861E33591D3524DC00AD82C8 /* AppDelegate.swift */ = {isa = PBXFileReference; lastKnownFileType = sourcecode.swift; path = AppDelegate.swift; sourceTree = "<group>"; };
		861E335E1D3524DC00AD82C8 /* Base */ = {isa = PBXFileReference; lastKnownFileType = file.storyboard; name = Base; path = Base.lproj/Main.storyboard; sourceTree = "<group>"; };
		861E33601D3524DC00AD82C8 /* Assets.xcassets */ = {isa = PBXFileReference; lastKnownFileType = folder.assetcatalog; path = Assets.xcassets; sourceTree = "<group>"; };
		861E33631D3524DC00AD82C8 /* Base */ = {isa = PBXFileReference; lastKnownFileType = file.storyboard; name = Base; path = Base.lproj/LaunchScreen.storyboard; sourceTree = "<group>"; };
		861E33651D3524DC00AD82C8 /* Info.plist */ = {isa = PBXFileReference; lastKnownFileType = text.plist.xml; path = Info.plist; sourceTree = "<group>"; };
		86C9DF7F1DD52CED00C7A4C8 /* ApplicationAssembly.swift */ = {isa = PBXFileReference; fileEncoding = 4; lastKnownFileType = sourcecode.swift; name = ApplicationAssembly.swift; path = ApplicationLayer/ApplicationAssembly/ApplicationAssembly.swift; sourceTree = "<group>"; };
		884754E2DA2FC3608B5D86BA /* ThirdModuleInteractorInput.swift */ = {isa = PBXFileReference; includeInIndex = 1; lastKnownFileType = sourcecode.swift; path = ThirdModuleInteractorInput.swift; sourceTree = "<group>"; };
		8D0E3BFF9D89C1FBD8FCCF31 /* FisrtModuleViewController.swift */ = {isa = PBXFileReference; includeInIndex = 1; lastKnownFileType = sourcecode.swift; path = FisrtModuleViewController.swift; sourceTree = "<group>"; };
		9101F9F79DCCABF5C24CA7E0 /* ThirdModuleViewController.swift */ = {isa = PBXFileReference; includeInIndex = 1; lastKnownFileType = sourcecode.swift; path = ThirdModuleViewController.swift; sourceTree = "<group>"; };
		91448E45BE99210F120D154F /* Pods_ViperMCFSwift.framework */ = {isa = PBXFileReference; explicitFileType = wrapper.framework; includeInIndex = 0; path = Pods_ViperMCFSwift.framework; sourceTree = BUILT_PRODUCTS_DIR; };
		96D0810C418A97DA29D02698 /* FisrtModuleInteractor.swift */ = {isa = PBXFileReference; includeInIndex = 1; lastKnownFileType = sourcecode.swift; path = FisrtModuleInteractor.swift; sourceTree = "<group>"; };
		9E26C91EBF5B83EDEC2D126B /* SecondModuleRouterInput.swift */ = {isa = PBXFileReference; includeInIndex = 1; lastKnownFileType = sourcecode.swift; path = SecondModuleRouterInput.swift; sourceTree = "<group>"; };
		A4C7599763FD4EDDBF4C4EE9 /* ThirdModulePresenter.swift */ = {isa = PBXFileReference; includeInIndex = 1; lastKnownFileType = sourcecode.swift; path = ThirdModulePresenter.swift; sourceTree = "<group>"; };
		A644D1704027BD9DD9D11401 /* SecondModuleRouter.swift */ = {isa = PBXFileReference; includeInIndex = 1; lastKnownFileType = sourcecode.swift; path = SecondModuleRouter.swift; sourceTree = "<group>"; };
		AE4C69E3507F82DD72E3A301 /* ThirdModuleRouter.swift */ = {isa = PBXFileReference; includeInIndex = 1; lastKnownFileType = sourcecode.swift; path = ThirdModuleRouter.swift; sourceTree = "<group>"; };
		B5F4D7A1FF9BDFD3F1EF0F67 /* FisrtModuleAssemblyContainer.swift */ = {isa = PBXFileReference; includeInIndex = 1; lastKnownFileType = sourcecode.swift; path = FisrtModuleAssemblyContainer.swift; sourceTree = "<group>"; };
		CE6FC9269040919A2C1465DE /* SecondModuleInteractorInput.swift */ = {isa = PBXFileReference; includeInIndex = 1; lastKnownFileType = sourcecode.swift; path = SecondModuleInteractorInput.swift; sourceTree = "<group>"; };
		D260323C81B0A0F3ED4C9F36 /* SecondModuleAssemblyContainer.swift */ = {isa = PBXFileReference; includeInIndex = 1; lastKnownFileType = sourcecode.swift; path = SecondModuleAssemblyContainer.swift; sourceTree = "<group>"; };
		D39CE58C587494694C94C9BA /* FisrtModuleModuleInput.swift */ = {isa = PBXFileReference; includeInIndex = 1; lastKnownFileType = sourcecode.swift; path = FisrtModuleModuleInput.swift; sourceTree = "<group>"; };
		D58A887D4BA95BC6409DF680 /* SecondModuleViewOutput.swift */ = {isa = PBXFileReference; includeInIndex = 1; lastKnownFileType = sourcecode.swift; path = SecondModuleViewOutput.swift; sourceTree = "<group>"; };
		D6EEFCAA195BF036B493387C /* Pods-ViperMCFSwift.release.xcconfig */ = {isa = PBXFileReference; includeInIndex = 1; lastKnownFileType = text.xcconfig; name = "Pods-ViperMCFSwift.release.xcconfig"; path = "Pods/Target Support Files/Pods-ViperMCFSwift/Pods-ViperMCFSwift.release.xcconfig"; sourceTree = "<group>"; };
		E6721517DE83E19CBCA64808 /* FisrtModuleRouterInput.swift */ = {isa = PBXFileReference; includeInIndex = 1; lastKnownFileType = sourcecode.swift; path = FisrtModuleRouterInput.swift; sourceTree = "<group>"; };
		EDEA947116ACFE4E4A35A30E /* ThirdModuleRouterInput.swift */ = {isa = PBXFileReference; includeInIndex = 1; lastKnownFileType = sourcecode.swift; path = ThirdModuleRouterInput.swift; sourceTree = "<group>"; };
/* End PBXFileReference section */

/* Begin PBXFrameworksBuildPhase section */
		861E33531D3524DC00AD82C8 /* Frameworks */ = {
			isa = PBXFrameworksBuildPhase;
			buildActionMask = 2147483647;
			files = (
				013BED803F37C84DBA2E2DA2 /* Pods_ViperMCFSwift.framework in Frameworks */,
			);
			runOnlyForDeploymentPostprocessing = 0;
		};
/* End PBXFrameworksBuildPhase section */

/* Begin PBXGroup section */
		2262A5E638A1C80D4790EAC7 /* Interactor */ = {
			isa = PBXGroup;
			children = (
				2ECB08E590238149C7BBF41D /* FisrtModuleInteractorInput.swift */,
				4FF9680D7D8AA933F06065B0 /* FisrtModuleInteractorOutput.swift */,
				96D0810C418A97DA29D02698 /* FisrtModuleInteractor.swift */,
			);
			path = Interactor;
			sourceTree = "<group>";
		};
		3088354C213C318B6D670D99 /* Router */ = {
			isa = PBXGroup;
			children = (
				EDEA947116ACFE4E4A35A30E /* ThirdModuleRouterInput.swift */,
				AE4C69E3507F82DD72E3A301 /* ThirdModuleRouter.swift */,
			);
			path = Router;
			sourceTree = "<group>";
		};
		319AFEC0381D18C22AC72042 /* Presenter */ = {
			isa = PBXGroup;
			children = (
				D39CE58C587494694C94C9BA /* FisrtModuleModuleInput.swift */,
				5EA12BD6CA462E0857F78825 /* FisrtModulePresenter.swift */,
			);
			path = Presenter;
			sourceTree = "<group>";
		};
		341768F88A5A6BB5FB65BC72 /* Pods */ = {
			isa = PBXGroup;
			children = (
				5CF411F76BD6F592D9C1022E /* Pods-ViperMCFSwift.debug.xcconfig */,
				7C4CCCF909DC78D1CE456EEE /* Pods-ViperMCFSwift.release.xcconfig */,
			);
			name = Pods;
			sourceTree = "<group>";
		};
		390ECD710D0714787E78BAF1 /* FisrtModule */ = {
			isa = PBXGroup;
			children = (
				BD4B4C171095CF8EDAC44746 /* Assembly */,
				C9A9CD6DC1E94A36572B9535 /* View */,
				319AFEC0381D18C22AC72042 /* Presenter */,
				2262A5E638A1C80D4790EAC7 /* Interactor */,
				677E1B77265D702CB4158E3E /* Router */,
			);
			path = FisrtModule;
			sourceTree = "<group>";
		};
		405831629690118376F9DFD3 /* Presenter */ = {
			isa = PBXGroup;
			children = (
				3B4821B2C4AEFB14676875FC /* ThirdModuleModuleInput.swift */,
				A4C7599763FD4EDDBF4C4EE9 /* ThirdModulePresenter.swift */,
			);
			path = Presenter;
			sourceTree = "<group>";
		};
		4186143A9E52B6273107C4B6 /* View */ = {
			isa = PBXGroup;
			children = (
				6D68FDC662A34434E98B49B3 /* SecondModuleViewInput.swift */,
				D58A887D4BA95BC6409DF680 /* SecondModuleViewOutput.swift */,
				1945F4942F460C42F04393E1 /* SecondModuleViewController.swift */,
			);
			path = View;
			sourceTree = "<group>";
		};
		4BFE667254F504B36AA7BF55 /* Interactor */ = {
			isa = PBXGroup;
			children = (
				CE6FC9269040919A2C1465DE /* SecondModuleInteractorInput.swift */,
				48151DFF3EBE24545A215032 /* SecondModuleInteractorOutput.swift */,
				7A81BC986C53D3D0FCD7EA63 /* SecondModuleInteractor.swift */,
			);
			path = Interactor;
			sourceTree = "<group>";
		};
		63B9AD650FB88B8D276BF680 /* Modules */ = {
			isa = PBXGroup;
			children = (
				86C9DF7A1DD52C9700C7A4C8 /* ApplicationLayer */,
				86C9DF791DD52C8B00C7A4C8 /* PresentationLayer */,
			);
			path = Modules;
			sourceTree = "<group>";
		};
		677E1B77265D702CB4158E3E /* Router */ = {
			isa = PBXGroup;
			children = (
				E6721517DE83E19CBCA64808 /* FisrtModuleRouterInput.swift */,
				6DF7CF5051565335EE408993 /* FisrtModuleRouter.swift */,
			);
			path = Router;
			sourceTree = "<group>";
		};
		70616B42F044E86FB8BEE284 /* Router */ = {
			isa = PBXGroup;
			children = (
				9E26C91EBF5B83EDEC2D126B /* SecondModuleRouterInput.swift */,
				A644D1704027BD9DD9D11401 /* SecondModuleRouter.swift */,
			);
			path = Router;
			sourceTree = "<group>";
		};
		7E0F0DDF9E05A1286EC10D88 /* SecondModule */ = {
			isa = PBXGroup;
			children = (
				A2187F9000C23E572C797999 /* Assembly */,
				4186143A9E52B6273107C4B6 /* View */,
				87250C0F147600F016DC89F7 /* Presenter */,
				4BFE667254F504B36AA7BF55 /* Interactor */,
				70616B42F044E86FB8BEE284 /* Router */,
			);
			path = SecondModule;
			sourceTree = "<group>";
		};
		861E334D1D3524DC00AD82C8 = {
			isa = PBXGroup;
			children = (
				861E33581D3524DC00AD82C8 /* ViperMCFSwift */,
				861E33571D3524DC00AD82C8 /* Products */,
				341768F88A5A6BB5FB65BC72 /* Pods */,
				D6EEFCAA195BF036B493387C /* Pods-ViperMCFSwift.release.xcconfig */,
				DB3EB7F768217A7BCA76BCB0 /* Frameworks */,
			);
			sourceTree = "<group>";
		};
		861E33571D3524DC00AD82C8 /* Products */ = {
			isa = PBXGroup;
			children = (
				861E33561D3524DC00AD82C8 /* ViperMCFSwift.app */,
			);
			name = Products;
			sourceTree = "<group>";
		};
		861E33581D3524DC00AD82C8 /* ViperMCFSwift */ = {
			isa = PBXGroup;
			children = (
				861E336C1D35385C00AD82C8 /* Common */,
				861E336B1D35384A00AD82C8 /* Supporting Files */,
				63B9AD650FB88B8D276BF680 /* Modules */,
				861E33591D3524DC00AD82C8 /* AppDelegate.swift */,
			);
			path = ViperMCFSwift;
			sourceTree = "<group>";
		};
		861E336B1D35384A00AD82C8 /* Supporting Files */ = {
			isa = PBXGroup;
			children = (
				861E33601D3524DC00AD82C8 /* Assets.xcassets */,
				861E33651D3524DC00AD82C8 /* Info.plist */,
			);
			name = "Supporting Files";
			sourceTree = "<group>";
		};
		861E336C1D35385C00AD82C8 /* Common */ = {
			isa = PBXGroup;
			children = (
				861E335D1D3524DC00AD82C8 /* Main.storyboard */,
				861E33621D3524DC00AD82C8 /* LaunchScreen.storyboard */,
			);
			name = Common;
			sourceTree = "<group>";
		};
		86C9DF791DD52C8B00C7A4C8 /* PresentationLayer */ = {
			isa = PBXGroup;
			children = (
				390ECD710D0714787E78BAF1 /* FisrtModule */,
				7E0F0DDF9E05A1286EC10D88 /* SecondModule */,
				9D9EC5D761AF2A8C76135613 /* ThirdModule */,
			);
			name = PresentationLayer;
			sourceTree = "<group>";
		};
		86C9DF7A1DD52C9700C7A4C8 /* ApplicationLayer */ = {
			isa = PBXGroup;
			children = (
				86C9DF7E1DD52CD800C7A4C8 /* ApplicationAssembly */,
			);
			name = ApplicationLayer;
			sourceTree = "<group>";
		};
		86C9DF7E1DD52CD800C7A4C8 /* ApplicationAssembly */ = {
			isa = PBXGroup;
			children = (
				86C9DF7F1DD52CED00C7A4C8 /* ApplicationAssembly.swift */,
			);
			name = ApplicationAssembly;
			sourceTree = "<group>";
		};
		87250C0F147600F016DC89F7 /* Presenter */ = {
			isa = PBXGroup;
			children = (
				01E214C05D787639A7B2ECF8 /* SecondModuleModuleInput.swift */,
				1626DDEFD2BBDA8A62A8F64B /* SecondModulePresenter.swift */,
			);
			path = Presenter;
			sourceTree = "<group>";
		};
		9D9EC5D761AF2A8C76135613 /* ThirdModule */ = {
			isa = PBXGroup;
			children = (
				C18C0510E97C020C4AF41156 /* Assembly */,
				AF2835F7E93DC4CB1463D65B /* View */,
				405831629690118376F9DFD3 /* Presenter */,
				A8BF3E14B4D44AACFC391CAE /* Interactor */,
				3088354C213C318B6D670D99 /* Router */,
			);
			path = ThirdModule;
			sourceTree = "<group>";
		};
		A2187F9000C23E572C797999 /* Assembly */ = {
			isa = PBXGroup;
			children = (
				D260323C81B0A0F3ED4C9F36 /* SecondModuleAssemblyContainer.swift */,
			);
			name = Assembly;
			path = Configurator;
			sourceTree = "<group>";
		};
		A8BF3E14B4D44AACFC391CAE /* Interactor */ = {
			isa = PBXGroup;
			children = (
				884754E2DA2FC3608B5D86BA /* ThirdModuleInteractorInput.swift */,
				79168F6179CEB6947467C686 /* ThirdModuleInteractorOutput.swift */,
				121CCD0D6BB9259C93258FF5 /* ThirdModuleInteractor.swift */,
			);
			path = Interactor;
			sourceTree = "<group>";
		};
		AF2835F7E93DC4CB1463D65B /* View */ = {
			isa = PBXGroup;
			children = (
				70075D78C9E710A3458884BC /* ThirdModuleViewInput.swift */,
				82155F612B21B9187562ED52 /* ThirdModuleViewOutput.swift */,
				9101F9F79DCCABF5C24CA7E0 /* ThirdModuleViewController.swift */,
			);
			path = View;
			sourceTree = "<group>";
		};
		BD4B4C171095CF8EDAC44746 /* Assembly */ = {
			isa = PBXGroup;
			children = (
				B5F4D7A1FF9BDFD3F1EF0F67 /* FisrtModuleAssemblyContainer.swift */,
			);
			name = Assembly;
			path = Configurator;
			sourceTree = "<group>";
		};
		C18C0510E97C020C4AF41156 /* Assembly */ = {
			isa = PBXGroup;
			children = (
				4211CED17DA41D4467BA50D4 /* ThirdModuleAssemblyContainer.swift */,
			);
			name = Assembly;
			path = Configurator;
			sourceTree = "<group>";
		};
		C9A9CD6DC1E94A36572B9535 /* View */ = {
			isa = PBXGroup;
			children = (
				31602E47F5B86BB7498AE2CD /* FisrtModuleViewInput.swift */,
				7BF95806452565FD8A7FAD0B /* FisrtModuleViewOutput.swift */,
				8D0E3BFF9D89C1FBD8FCCF31 /* FisrtModuleViewController.swift */,
			);
			path = View;
			sourceTree = "<group>";
		};
		DB3EB7F768217A7BCA76BCB0 /* Frameworks */ = {
			isa = PBXGroup;
			children = (
				91448E45BE99210F120D154F /* Pods_ViperMCFSwift.framework */,
			);
			name = Frameworks;
			sourceTree = "<group>";
		};
/* End PBXGroup section */

/* Begin PBXNativeTarget section */
		861E33551D3524DC00AD82C8 /* ViperMCFSwift */ = {
			isa = PBXNativeTarget;
			buildConfigurationList = 861E33681D3524DC00AD82C8 /* Build configuration list for PBXNativeTarget "ViperMCFSwift" */;
			buildPhases = (
				81BDFA9C2F27914F21D9FAA9 /* [CP] Check Pods Manifest.lock */,
				861E33521D3524DC00AD82C8 /* Sources */,
				861E33531D3524DC00AD82C8 /* Frameworks */,
				861E33541D3524DC00AD82C8 /* Resources */,
				E1CDE0C0EACE1A774882182F /* [CP] Embed Pods Frameworks */,
				D7391AE6F0E5F002BB3388CA /* [CP] Copy Pods Resources */,
			);
			buildRules = (
			);
			dependencies = (
			);
			name = ViperMCFSwift;
			productName = ViperMCFSwift;
			productReference = 861E33561D3524DC00AD82C8 /* ViperMCFSwift.app */;
			productType = "com.apple.product-type.application";
		};
/* End PBXNativeTarget section */

/* Begin PBXProject section */
		861E334E1D3524DC00AD82C8 /* Project object */ = {
			isa = PBXProject;
			attributes = {
				LastSwiftUpdateCheck = 0730;
				LastUpgradeCheck = 0920;
				ORGANIZATIONNAME = WebAnt;
				TargetAttributes = {
					861E33551D3524DC00AD82C8 = {
						CreatedOnToolsVersion = 7.3.1;
						DevelopmentTeam = Z4Q83QXW57;
						LastSwiftMigration = 0810;
					};
				};
			};
			buildConfigurationList = 861E33511D3524DC00AD82C8 /* Build configuration list for PBXProject "ViperMCFSwift" */;
			compatibilityVersion = "Xcode 3.2";
			developmentRegion = English;
			hasScannedForEncodings = 0;
			knownRegions = (
				en,
				Base,
			);
			mainGroup = 861E334D1D3524DC00AD82C8;
			productRefGroup = 861E33571D3524DC00AD82C8 /* Products */;
			projectDirPath = "";
			projectRoot = "";
			targets = (
				861E33551D3524DC00AD82C8 /* ViperMCFSwift */,
			);
		};
/* End PBXProject section */

/* Begin PBXResourcesBuildPhase section */
		861E33541D3524DC00AD82C8 /* Resources */ = {
			isa = PBXResourcesBuildPhase;
			buildActionMask = 2147483647;
			files = (
				861E33641D3524DC00AD82C8 /* LaunchScreen.storyboard in Resources */,
				861E33611D3524DC00AD82C8 /* Assets.xcassets in Resources */,
				861E335F1D3524DC00AD82C8 /* Main.storyboard in Resources */,
			);
			runOnlyForDeploymentPostprocessing = 0;
		};
/* End PBXResourcesBuildPhase section */

/* Begin PBXShellScriptBuildPhase section */
		81BDFA9C2F27914F21D9FAA9 /* [CP] Check Pods Manifest.lock */ = {
			isa = PBXShellScriptBuildPhase;
			buildActionMask = 2147483647;
			files = (
			);
			inputPaths = (
				"${PODS_PODFILE_DIR_PATH}/Podfile.lock",
				"${PODS_ROOT}/Manifest.lock",
			);
			name = "[CP] Check Pods Manifest.lock";
			outputPaths = (
				"$(DERIVED_FILE_DIR)/Pods-ViperMCFSwift-checkManifestLockResult.txt",
			);
			runOnlyForDeploymentPostprocessing = 0;
			shellPath = /bin/sh;
			shellScript = "diff \"${PODS_PODFILE_DIR_PATH}/Podfile.lock\" \"${PODS_ROOT}/Manifest.lock\" > /dev/null\nif [ $? != 0 ] ; then\n    # print error to STDERR\n    echo \"error: The sandbox is not in sync with the Podfile.lock. Run 'pod install' or update your CocoaPods installation.\" >&2\n    exit 1\nfi\n# This output is used by Xcode 'outputs' to avoid re-running this script phase.\necho \"SUCCESS\" > \"${SCRIPT_OUTPUT_FILE_0}\"\n";
			showEnvVarsInLog = 0;
		};
		D7391AE6F0E5F002BB3388CA /* [CP] Copy Pods Resources */ = {
			isa = PBXShellScriptBuildPhase;
			buildActionMask = 2147483647;
			files = (
			);
			inputPaths = (
			);
			name = "[CP] Copy Pods Resources";
			outputPaths = (
			);
			runOnlyForDeploymentPostprocessing = 0;
			shellPath = /bin/sh;
			shellScript = "\"${SRCROOT}/Pods/Target Support Files/Pods-ViperMCFSwift/Pods-ViperMCFSwift-resources.sh\"\n";
			showEnvVarsInLog = 0;
		};
		E1CDE0C0EACE1A774882182F /* [CP] Embed Pods Frameworks */ = {
			isa = PBXShellScriptBuildPhase;
			buildActionMask = 2147483647;
			files = (
			);
			inputPaths = (
				"${SRCROOT}/Pods/Target Support Files/Pods-ViperMCFSwift/Pods-ViperMCFSwift-frameworks.sh",
				"${BUILT_PRODUCTS_DIR}/LightRoute/LightRoute.framework",
				"${BUILT_PRODUCTS_DIR}/Swinject/Swinject.framework",
				"${BUILT_PRODUCTS_DIR}/SwinjectStoryboard/SwinjectStoryboard.framework",
			);
			name = "[CP] Embed Pods Frameworks";
			outputPaths = (
				"${TARGET_BUILD_DIR}/${FRAMEWORKS_FOLDER_PATH}/LightRoute.framework",
				"${TARGET_BUILD_DIR}/${FRAMEWORKS_FOLDER_PATH}/Swinject.framework",
				"${TARGET_BUILD_DIR}/${FRAMEWORKS_FOLDER_PATH}/SwinjectStoryboard.framework",
			);
			runOnlyForDeploymentPostprocessing = 0;
			shellPath = /bin/sh;
			shellScript = "\"${SRCROOT}/Pods/Target Support Files/Pods-ViperMCFSwift/Pods-ViperMCFSwift-frameworks.sh\"\n";
			showEnvVarsInLog = 0;
		};
/* End PBXShellScriptBuildPhase section */

/* Begin PBXSourcesBuildPhase section */
		861E33521D3524DC00AD82C8 /* Sources */ = {
			isa = PBXSourcesBuildPhase;
			buildActionMask = 2147483647;
			files = (
				861E335A1D3524DC00AD82C8 /* AppDelegate.swift in Sources */,
				F0E24D450F86A67E0167232D /* FisrtModuleViewInput.swift in Sources */,
				02AC0DB2B58E5D385CE5E92D /* FisrtModuleViewOutput.swift in Sources */,
				B6E23A543623C32030D9F4DB /* FisrtModuleViewController.swift in Sources */,
				4BFA267440B04656815411F7 /* FisrtModuleModuleInput.swift in Sources */,
				AFE341EB05958730B091BBE8 /* FisrtModulePresenter.swift in Sources */,
				8B750F0699F2A953F4EACF46 /* FisrtModuleInteractorInput.swift in Sources */,
				CE9746BE3F53E50752D4763F /* FisrtModuleInteractorOutput.swift in Sources */,
				92759F1B267BDCA8A0050681 /* FisrtModuleInteractor.swift in Sources */,
				7D76CAF67E203D086FBE7465 /* FisrtModuleRouterInput.swift in Sources */,
				D53925F2B67458A3B957F8C2 /* FisrtModuleRouter.swift in Sources */,
				484C08A486BB051454A6E587 /* FisrtModuleAssemblyContainer.swift in Sources */,
				1D755DAC450803302933F11A /* SecondModuleViewInput.swift in Sources */,
				481EB67CB5B0ECBEE5D9E5E8 /* SecondModuleViewOutput.swift in Sources */,
				EA51B59D9DB7A7DB240CF08A /* SecondModuleViewController.swift in Sources */,
				6A3C44042D585887D46EA72E /* SecondModuleModuleInput.swift in Sources */,
				F0A9D4C68383886469AA0BA1 /* SecondModulePresenter.swift in Sources */,
				86C9DF801DD52CED00C7A4C8 /* ApplicationAssembly.swift in Sources */,
				6FA3647CF0EEF208AAA5CB60 /* SecondModuleInteractorInput.swift in Sources */,
				921F2E89C10C8AA52B45009F /* SecondModuleInteractorOutput.swift in Sources */,
				161EFEFE5AF92F80BF2C9067 /* SecondModuleInteractor.swift in Sources */,
				E27B8368836C242703E7CA88 /* SecondModuleRouterInput.swift in Sources */,
				DCE5E0CD6CCA0CD9A4A52F80 /* SecondModuleRouter.swift in Sources */,
				D4432D9577518BD94942FA3E /* SecondModuleAssemblyContainer.swift in Sources */,
				C0A49DCB33CCF662A0ADA6EE /* ThirdModuleViewInput.swift in Sources */,
				DD090197469380B7A8E7AE27 /* ThirdModuleViewOutput.swift in Sources */,
				DED05954D6D2F700153D866C /* ThirdModuleViewController.swift in Sources */,
				38DAF27220F0C6D713FB5F97 /* ThirdModuleModuleInput.swift in Sources */,
				B55535655555CC076578A822 /* ThirdModulePresenter.swift in Sources */,
				8186544F273EE4E9F745A298 /* ThirdModuleInteractorInput.swift in Sources */,
				7974A016C7AF527E5EA3E5F3 /* ThirdModuleInteractorOutput.swift in Sources */,
				AE8F964B127E42E704B3593C /* ThirdModuleInteractor.swift in Sources */,
				7359122C57CCD21E4F395731 /* ThirdModuleRouterInput.swift in Sources */,
				E7E3E12DB06582F31676B6FD /* ThirdModuleRouter.swift in Sources */,
				B8F9CEEC938AE9C954FB7251 /* ThirdModuleAssemblyContainer.swift in Sources */,
			);
			runOnlyForDeploymentPostprocessing = 0;
		};
/* End PBXSourcesBuildPhase section */

/* Begin PBXVariantGroup section */
		861E335D1D3524DC00AD82C8 /* Main.storyboard */ = {
			isa = PBXVariantGroup;
			children = (
				861E335E1D3524DC00AD82C8 /* Base */,
			);
			name = Main.storyboard;
			sourceTree = "<group>";
		};
		861E33621D3524DC00AD82C8 /* LaunchScreen.storyboard */ = {
			isa = PBXVariantGroup;
			children = (
				861E33631D3524DC00AD82C8 /* Base */,
			);
			name = LaunchScreen.storyboard;
			sourceTree = "<group>";
		};
/* End PBXVariantGroup section */

/* Begin XCBuildConfiguration section */
		861E33661D3524DC00AD82C8 /* Debug */ = {
			isa = XCBuildConfiguration;
			buildSettings = {
				ALWAYS_SEARCH_USER_PATHS = NO;
				CLANG_ANALYZER_NONNULL = YES;
				CLANG_CXX_LANGUAGE_STANDARD = "gnu++0x";
				CLANG_CXX_LIBRARY = "libc++";
				CLANG_ENABLE_MODULES = YES;
				CLANG_ENABLE_OBJC_ARC = YES;
				CLANG_WARN_BLOCK_CAPTURE_AUTORELEASING = YES;
				CLANG_WARN_BOOL_CONVERSION = YES;
				CLANG_WARN_COMMA = YES;
				CLANG_WARN_CONSTANT_CONVERSION = YES;
				CLANG_WARN_DIRECT_OBJC_ISA_USAGE = YES_ERROR;
				CLANG_WARN_EMPTY_BODY = YES;
				CLANG_WARN_ENUM_CONVERSION = YES;
				CLANG_WARN_INFINITE_RECURSION = YES;
				CLANG_WARN_INT_CONVERSION = YES;
				CLANG_WARN_NON_LITERAL_NULL_CONVERSION = YES;
				CLANG_WARN_OBJC_LITERAL_CONVERSION = YES;
				CLANG_WARN_OBJC_ROOT_CLASS = YES_ERROR;
				CLANG_WARN_RANGE_LOOP_ANALYSIS = YES;
				CLANG_WARN_STRICT_PROTOTYPES = YES;
				CLANG_WARN_SUSPICIOUS_MOVE = YES;
				CLANG_WARN_UNREACHABLE_CODE = YES;
				CLANG_WARN__DUPLICATE_METHOD_MATCH = YES;
				"CODE_SIGN_IDENTITY[sdk=iphoneos*]" = "iPhone Developer";
				COPY_PHASE_STRIP = NO;
				DEBUG_INFORMATION_FORMAT = dwarf;
				ENABLE_STRICT_OBJC_MSGSEND = YES;
				ENABLE_TESTABILITY = YES;
				GCC_C_LANGUAGE_STANDARD = gnu99;
				GCC_DYNAMIC_NO_PIC = NO;
				GCC_NO_COMMON_BLOCKS = YES;
				GCC_OPTIMIZATION_LEVEL = 0;
				GCC_PREPROCESSOR_DEFINITIONS = (
					"DEBUG=1",
					"$(inherited)",
				);
				GCC_WARN_64_TO_32_BIT_CONVERSION = YES;
				GCC_WARN_ABOUT_RETURN_TYPE = YES_ERROR;
				GCC_WARN_UNDECLARED_SELECTOR = YES;
				GCC_WARN_UNINITIALIZED_AUTOS = YES_AGGRESSIVE;
				GCC_WARN_UNUSED_FUNCTION = YES;
				GCC_WARN_UNUSED_VARIABLE = YES;
				IPHONEOS_DEPLOYMENT_TARGET = 9.3;
				MTL_ENABLE_DEBUG_INFO = YES;
				ONLY_ACTIVE_ARCH = YES;
				SDKROOT = iphoneos;
				SWIFT_OPTIMIZATION_LEVEL = "-Onone";
			};
			name = Debug;
		};
		861E33671D3524DC00AD82C8 /* Release */ = {
			isa = XCBuildConfiguration;
			buildSettings = {
				ALWAYS_SEARCH_USER_PATHS = NO;
				CLANG_ANALYZER_NONNULL = YES;
				CLANG_CXX_LANGUAGE_STANDARD = "gnu++0x";
				CLANG_CXX_LIBRARY = "libc++";
				CLANG_ENABLE_MODULES = YES;
				CLANG_ENABLE_OBJC_ARC = YES;
				CLANG_WARN_BLOCK_CAPTURE_AUTORELEASING = YES;
				CLANG_WARN_BOOL_CONVERSION = YES;
				CLANG_WARN_COMMA = YES;
				CLANG_WARN_CONSTANT_CONVERSION = YES;
				CLANG_WARN_DIRECT_OBJC_ISA_USAGE = YES_ERROR;
				CLANG_WARN_EMPTY_BODY = YES;
				CLANG_WARN_ENUM_CONVERSION = YES;
				CLANG_WARN_INFINITE_RECURSION = YES;
				CLANG_WARN_INT_CONVERSION = YES;
				CLANG_WARN_NON_LITERAL_NULL_CONVERSION = YES;
				CLANG_WARN_OBJC_LITERAL_CONVERSION = YES;
				CLANG_WARN_OBJC_ROOT_CLASS = YES_ERROR;
				CLANG_WARN_RANGE_LOOP_ANALYSIS = YES;
				CLANG_WARN_STRICT_PROTOTYPES = YES;
				CLANG_WARN_SUSPICIOUS_MOVE = YES;
				CLANG_WARN_UNREACHABLE_CODE = YES;
				CLANG_WARN__DUPLICATE_METHOD_MATCH = YES;
				"CODE_SIGN_IDENTITY[sdk=iphoneos*]" = "iPhone Developer";
				COPY_PHASE_STRIP = NO;
				DEBUG_INFORMATION_FORMAT = "dwarf-with-dsym";
				ENABLE_NS_ASSERTIONS = NO;
				ENABLE_STRICT_OBJC_MSGSEND = YES;
				GCC_C_LANGUAGE_STANDARD = gnu99;
				GCC_NO_COMMON_BLOCKS = YES;
				GCC_WARN_64_TO_32_BIT_CONVERSION = YES;
				GCC_WARN_ABOUT_RETURN_TYPE = YES_ERROR;
				GCC_WARN_UNDECLARED_SELECTOR = YES;
				GCC_WARN_UNINITIALIZED_AUTOS = YES_AGGRESSIVE;
				GCC_WARN_UNUSED_FUNCTION = YES;
				GCC_WARN_UNUSED_VARIABLE = YES;
				IPHONEOS_DEPLOYMENT_TARGET = 9.3;
				MTL_ENABLE_DEBUG_INFO = NO;
				SDKROOT = iphoneos;
				SWIFT_OPTIMIZATION_LEVEL = "-Owholemodule";
				VALIDATE_PRODUCT = YES;
			};
			name = Release;
		};
		861E33691D3524DC00AD82C8 /* Debug */ = {
			isa = XCBuildConfiguration;
			baseConfigurationReference = 5CF411F76BD6F592D9C1022E /* Pods-ViperMCFSwift.debug.xcconfig */;
			buildSettings = {
				ALWAYS_EMBED_SWIFT_STANDARD_LIBRARIES = YES;
				ASSETCATALOG_COMPILER_APPICON_NAME = AppIcon;
				DEVELOPMENT_TEAM = Z4Q83QXW57;
				INFOPLIST_FILE = ViperMCFSwift/Info.plist;
				LD_RUNPATH_SEARCH_PATHS = "$(inherited) @executable_path/Frameworks";
				PRODUCT_BUNDLE_IDENTIFIER = ru.webant.ViperMCFSwift;
				PRODUCT_NAME = "$(TARGET_NAME)";
				SWIFT_VERSION = 4.0;
			};
			name = Debug;
		};
		861E336A1D3524DC00AD82C8 /* Release */ = {
			isa = XCBuildConfiguration;
			baseConfigurationReference = D6EEFCAA195BF036B493387C /* Pods-ViperMCFSwift.release.xcconfig */;
			buildSettings = {
				ALWAYS_EMBED_SWIFT_STANDARD_LIBRARIES = YES;
				ASSETCATALOG_COMPILER_APPICON_NAME = AppIcon;
				DEVELOPMENT_TEAM = Z4Q83QXW57;
				INFOPLIST_FILE = ViperMCFSwift/Info.plist;
				LD_RUNPATH_SEARCH_PATHS = "$(inherited) @executable_path/Frameworks";
				PRODUCT_BUNDLE_IDENTIFIER = ru.webant.ViperMCFSwift;
				PRODUCT_NAME = "$(TARGET_NAME)";
				SWIFT_VERSION = 4.0;
			};
			name = Release;
		};
/* End XCBuildConfiguration section */

/* Begin XCConfigurationList section */
		861E33511D3524DC00AD82C8 /* Build configuration list for PBXProject "ViperMCFSwift" */ = {
			isa = XCConfigurationList;
			buildConfigurations = (
				861E33661D3524DC00AD82C8 /* Debug */,
				861E33671D3524DC00AD82C8 /* Release */,
			);
			defaultConfigurationIsVisible = 0;
			defaultConfigurationName = Release;
		};
		861E33681D3524DC00AD82C8 /* Build configuration list for PBXNativeTarget "ViperMCFSwift" */ = {
			isa = XCConfigurationList;
			buildConfigurations = (
				861E33691D3524DC00AD82C8 /* Debug */,
				861E336A1D3524DC00AD82C8 /* Release */,
			);
			defaultConfigurationIsVisible = 0;
			defaultConfigurationName = Release;
		};
/* End XCConfigurationList section */
	};
	rootObject = 861E334E1D3524DC00AD82C8 /* Project object */;
}
